DEPENDENCIES
  cop_base
    path: .
    metadata: true
  cop_ntp
    git: git@github.com:copious-cookbooks/ntp.git
    revision: b29da5c26232ebdff5a5f0a1e0e2784724bde781
    tag: 1.0.1

GRAPH
  apt (5.0.0)
    compat_resource (>= 12.14.7)
  compat_resource (12.16.2)
  cop_base (0.0.5)
    apt (>= 0.0.0)
    cop_ntp (>= 0.0.0)
  cop_ntp (1.0.1)
    apt (>= 0.0.0)
    yum (>= 0.0.0)
  yum (4.1.0)
